// !$*UTF8*$!
{
	archiveVersion = 1;
	classes = {
	};
	objectVersion = 48;
	objects = {

/* Begin PBXBuildFile section */
		3FA224951FA9D1E9002354F5 /* AppDelegate.swift in Sources */ = {isa = PBXBuildFile; fileRef = 3FA224941FA9D1E9002354F5 /* AppDelegate.swift */; };
		3FA224971FA9D1E9002354F5 /* ViewController.swift in Sources */ = {isa = PBXBuildFile; fileRef = 3FA224961FA9D1E9002354F5 /* ViewController.swift */; };
		3FA2249A1FA9D1E9002354F5 /* Main.storyboard in Resources */ = {isa = PBXBuildFile; fileRef = 3FA224981FA9D1E9002354F5 /* Main.storyboard */; };
		3FA2249C1FA9D1E9002354F5 /* Assets.xcassets in Resources */ = {isa = PBXBuildFile; fileRef = 3FA2249B1FA9D1E9002354F5 /* Assets.xcassets */; };
		3FA2249F1FA9D1E9002354F5 /* LaunchScreen.storyboard in Resources */ = {isa = PBXBuildFile; fileRef = 3FA2249D1FA9D1E9002354F5 /* LaunchScreen.storyboard */; };
		3FA224A71FA9D35C002354F5 /* CustomTableViewCell.swift in Sources */ = {isa = PBXBuildFile; fileRef = 3FA224A61FA9D35C002354F5 /* CustomTableViewCell.swift */; };
		AB9486C9204C351E008AC8F1 /* CoreLocation.framework in Frameworks */ = {isa = PBXBuildFile; fileRef = AB9486C8204C351E008AC8F1 /* CoreLocation.framework */; };
		AB9486CB204C37D9008AC8F1 /* MapViewController.swift in Sources */ = {isa = PBXBuildFile; fileRef = AB9486CA204C37D9008AC8F1 /* MapViewController.swift */; };
		AB9486CD204C7A4F008AC8F1 /* Directions.swift in Sources */ = {isa = PBXBuildFile; fileRef = AB9486CC204C7A4F008AC8F1 /* Directions.swift */; };
/* End PBXBuildFile section */

/* Begin PBXFileReference section */
		3FA224911FA9D1E9002354F5 /* PruebaDomicilios.app */ = {isa = PBXFileReference; explicitFileType = wrapper.application; includeInIndex = 0; path = PruebaDomicilios.app; sourceTree = BUILT_PRODUCTS_DIR; };
		3FA224941FA9D1E9002354F5 /* AppDelegate.swift */ = {isa = PBXFileReference; lastKnownFileType = sourcecode.swift; path = AppDelegate.swift; sourceTree = "<group>"; };
		3FA224961FA9D1E9002354F5 /* ViewController.swift */ = {isa = PBXFileReference; lastKnownFileType = sourcecode.swift; path = ViewController.swift; sourceTree = "<group>"; };
		3FA224991FA9D1E9002354F5 /* Base */ = {isa = PBXFileReference; lastKnownFileType = file.storyboard; name = Base; path = Base.lproj/Main.storyboard; sourceTree = "<group>"; };
		3FA2249B1FA9D1E9002354F5 /* Assets.xcassets */ = {isa = PBXFileReference; lastKnownFileType = folder.assetcatalog; path = Assets.xcassets; sourceTree = "<group>"; };
		3FA2249E1FA9D1E9002354F5 /* Base */ = {isa = PBXFileReference; lastKnownFileType = file.storyboard; name = Base; path = Base.lproj/LaunchScreen.storyboard; sourceTree = "<group>"; };
		3FA224A01FA9D1E9002354F5 /* Info.plist */ = {isa = PBXFileReference; lastKnownFileType = text.plist.xml; path = Info.plist; sourceTree = "<group>"; };
		3FA224A61FA9D35C002354F5 /* CustomTableViewCell.swift */ = {isa = PBXFileReference; lastKnownFileType = sourcecode.swift; path = CustomTableViewCell.swift; sourceTree = "<group>"; };
		AB9486C8204C351E008AC8F1 /* CoreLocation.framework */ = {isa = PBXFileReference; lastKnownFileType = wrapper.framework; name = CoreLocation.framework; path = System/Library/Frameworks/CoreLocation.framework; sourceTree = SDKROOT; };
		AB9486CA204C37D9008AC8F1 /* MapViewController.swift */ = {isa = PBXFileReference; lastKnownFileType = sourcecode.swift; path = MapViewController.swift; sourceTree = "<group>"; };
		AB9486CC204C7A4F008AC8F1 /* Directions.swift */ = {isa = PBXFileReference; lastKnownFileType = sourcecode.swift; path = Directions.swift; sourceTree = "<group>"; };
/* End PBXFileReference section */

/* Begin PBXFrameworksBuildPhase section */
		3FA2248E1FA9D1E9002354F5 /* Frameworks */ = {
			isa = PBXFrameworksBuildPhase;
			buildActionMask = 2147483647;
			files = (
				AB9486C9204C351E008AC8F1 /* CoreLocation.framework in Frameworks */,
			);
			runOnlyForDeploymentPostprocessing = 0;
		};
/* End PBXFrameworksBuildPhase section */

/* Begin PBXGroup section */
		3FA224881FA9D1E9002354F5 = {
			isa = PBXGroup;
			children = (
				3FA224931FA9D1E9002354F5 /* PruebaDomicilios */,
				3FA224921FA9D1E9002354F5 /* Products */,
				AB9486C7204C351D008AC8F1 /* Frameworks */,
			);
			sourceTree = "<group>";
		};
		3FA224921FA9D1E9002354F5 /* Products */ = {
			isa = PBXGroup;
			children = (
				3FA224911FA9D1E9002354F5 /* PruebaDomicilios.app */,
			);
			name = Products;
			sourceTree = "<group>";
		};
		3FA224931FA9D1E9002354F5 /* PruebaDomicilios */ = {
			isa = PBXGroup;
			children = (
				3FA224941FA9D1E9002354F5 /* AppDelegate.swift */,
				3FA224961FA9D1E9002354F5 /* ViewController.swift */,
				3FA224981FA9D1E9002354F5 /* Main.storyboard */,
				AB9486CA204C37D9008AC8F1 /* MapViewController.swift */,
				AB9486CC204C7A4F008AC8F1 /* Directions.swift */,
				3FA2249B1FA9D1E9002354F5 /* Assets.xcassets */,
				3FA2249D1FA9D1E9002354F5 /* LaunchScreen.storyboard */,
				3FA224A01FA9D1E9002354F5 /* Info.plist */,
				3FA224A61FA9D35C002354F5 /* CustomTableViewCell.swift */,
			);
			path = PruebaDomicilios;
			sourceTree = "<group>";
		};
		AB9486C7204C351D008AC8F1 /* Frameworks */ = {
			isa = PBXGroup;
			children = (
				AB9486C8204C351E008AC8F1 /* CoreLocation.framework */,
			);
			name = Frameworks;
			sourceTree = "<group>";
		};
/* End PBXGroup section */

/* Begin PBXNativeTarget section */
		3FA224901FA9D1E9002354F5 /* PruebaDomicilios */ = {
			isa = PBXNativeTarget;
			buildConfigurationList = 3FA224A31FA9D1E9002354F5 /* Build configuration list for PBXNativeTarget "PruebaDomicilios" */;
			buildPhases = (
				3FA2248D1FA9D1E9002354F5 /* Sources */,
				3FA2248E1FA9D1E9002354F5 /* Frameworks */,
				3FA2248F1FA9D1E9002354F5 /* Resources */,
			);
			buildRules = (
			);
			dependencies = (
			);
			name = PruebaDomicilios;
			productName = customTableViewCell;
			productReference = 3FA224911FA9D1E9002354F5 /* PruebaDomicilios.app */;
			productType = "com.apple.product-type.application";
		};
/* End PBXNativeTarget section */

/* Begin PBXProject section */
		3FA224891FA9D1E9002354F5 /* Project object */ = {
			isa = PBXProject;
			attributes = {
				LastSwiftUpdateCheck = 0900;
				LastUpgradeCheck = 0900;
				ORGANIZATIONNAME = "Yash Patel";
				TargetAttributes = {
					3FA224901FA9D1E9002354F5 = {
						CreatedOnToolsVersion = 9.0;
						ProvisioningStyle = Automatic;
					};
				};
			};
			buildConfigurationList = 3FA2248C1FA9D1E9002354F5 /* Build configuration list for PBXProject "PruebaDomicilios" */;
			compatibilityVersion = "Xcode 8.0";
			developmentRegion = en;
			hasScannedForEncodings = 0;
			knownRegions = (
				en,
				Base,
			);
			mainGroup = 3FA224881FA9D1E9002354F5;
			productRefGroup = 3FA224921FA9D1E9002354F5 /* Products */;
			projectDirPath = "";
			projectRoot = "";
			targets = (
				3FA224901FA9D1E9002354F5 /* PruebaDomicilios */,
			);
		};
/* End PBXProject section */

/* Begin PBXResourcesBuildPhase section */
		3FA2248F1FA9D1E9002354F5 /* Resources */ = {
			isa = PBXResourcesBuildPhase;
			buildActionMask = 2147483647;
			files = (
				3FA2249F1FA9D1E9002354F5 /* LaunchScreen.storyboard in Resources */,
				3FA2249C1FA9D1E9002354F5 /* Assets.xcassets in Resources */,
				3FA2249A1FA9D1E9002354F5 /* Main.storyboard in Resources */,
			);
			runOnlyForDeploymentPostprocessing = 0;
		};
/* End PBXResourcesBuildPhase section */

/* Begin PBXSourcesBuildPhase section */
		3FA2248D1FA9D1E9002354F5 /* Sources */ = {
			isa = PBXSourcesBuildPhase;
			buildActionMask = 2147483647;
			files = (
				3FA224A71FA9D35C002354F5 /* CustomTableViewCell.swift in Sources */,
				3FA224971FA9D1E9002354F5 /* ViewController.swift in Sources */,
				3FA224951FA9D1E9002354F5 /* AppDelegate.swift in Sources */,
				AB9486CB204C37D9008AC8F1 /* MapViewController.swift in Sources */,
				AB9486CD204C7A4F008AC8F1 /* Directions.swift in Sources */,
			);
			runOnlyForDeploymentPostprocessing = 0;
		};
/* End PBXSourcesBuildPhase section */

/* Begin PBXVariantGroup section */
		3FA224981FA9D1E9002354F5 /* Main.storyboard */ = {
			isa = PBXVariantGroup;
			children = (
				3FA224991FA9D1E9002354F5 /* Base */,
			);
			name = Main.storyboard;
			sourceTree = "<group>";
		};
		3FA2249D1FA9D1E9002354F5 /* LaunchScreen.storyboard */ = {
			isa = PBXVariantGroup;
			children = (
				3FA2249E1FA9D1E9002354F5 /* Base */,
			);
			name = LaunchScreen.storyboard;
			sourceTree = "<group>";
		};
/* End PBXVariantGroup section */

/* Begin XCBuildConfiguration section */
		3FA224A11FA9D1E9002354F5 /* Debug */ = {
			isa = XCBuildConfiguration;
			buildSettings = {
				ALWAYS_SEARCH_USER_PATHS = NO;
				CLANG_ANALYZER_NONNULL = YES;
				CLANG_ANALYZER_NUMBER_OBJECT_CONVERSION = YES_AGGRESSIVE;
				CLANG_CXX_LANGUAGE_STANDARD = "gnu++14";
				CLANG_CXX_LIBRARY = "libc++";
				CLANG_ENABLE_MODULES = YES;
				CLANG_ENABLE_OBJC_ARC = YES;
				CLANG_WARN_BLOCK_CAPTURE_AUTORELEASING = YES;
				CLANG_WARN_BOOL_CONVERSION = YES;
				CLANG_WARN_COMMA = YES;
				CLANG_WARN_CONSTANT_CONVERSION = YES;
				CLANG_WARN_DIRECT_OBJC_ISA_USAGE = YES_ERROR;
				CLANG_WARN_DOCUMENTATION_COMMENTS = YES;
				CLANG_WARN_EMPTY_BODY = YES;
				CLANG_WARN_ENUM_CONVERSION = YES;
				CLANG_WARN_INFINITE_RECURSION = YES;
				CLANG_WARN_INT_CONVERSION = YES;
				CLANG_WARN_NON_LITERAL_NULL_CONVERSION = YES;
				CLANG_WARN_OBJC_LITERAL_CONVERSION = YES;
				CLANG_WARN_OBJC_ROOT_CLASS = YES_ERROR;
				CLANG_WARN_RANGE_LOOP_ANALYSIS = YES;
				CLANG_WARN_STRICT_PROTOTYPES = YES;
				CLANG_WARN_SUSPICIOUS_MOVE = YES;
				CLANG_WARN_UNGUARDED_AVAILABILITY = YES_AGGRESSIVE;
				CLANG_WARN_UNREACHABLE_CODE = YES;
				CLANG_WARN__DUPLICATE_METHOD_MATCH = YES;
				CODE_SIGN_IDENTITY = "iPhone Developer";
				COPY_PHASE_STRIP = NO;
				DEBUG_INFORMATION_FORMAT = dwarf;
				ENABLE_STRICT_OBJC_MSGSEND = YES;
				ENABLE_TESTABILITY = YES;
				GCC_C_LANGUAGE_STANDARD = gnu11;
				GCC_DYNAMIC_NO_PIC = NO;
				GCC_NO_COMMON_BLOCKS = YES;
				GCC_OPTIMIZATION_LEVEL = 0;
				GCC_PREPROCESSOR_DEFINITIONS = (
					"DEBUG=1",
					"$(inherited)",
				);
				GCC_WARN_64_TO_32_BIT_CONVERSION = YES;
				GCC_WARN_ABOUT_RETURN_TYPE = YES_ERROR;
				GCC_WARN_UNDECLARED_SELECTOR = YES;
				GCC_WARN_UNINITIALIZED_AUTOS = YES_AGGRESSIVE;
				GCC_WARN_UNUSED_FUNCTION = YES;
				GCC_WARN_UNUSED_VARIABLE = YES;
				IPHONEOS_DEPLOYMENT_TARGET = 11.0;
				MTL_ENABLE_DEBUG_INFO = YES;
				NEW_SETTING = "";
				ONLY_ACTIVE_ARCH = YES;
				SDKROOT = iphoneos;
				SWIFT_ACTIVE_COMPILATION_CONDITIONS = DEBUG;
				SWIFT_OPTIMIZATION_LEVEL = "-Onone";
			};
			name = Debug;
		};
		3FA224A21FA9D1E9002354F5 /* Release */ = {
			isa = XCBuildConfiguration;
			buildSettings = {
				ALWAYS_SEARCH_USER_PATHS = NO;
				CLANG_ANALYZER_NONNULL = YES;
				CLANG_ANALYZER_NUMBER_OBJECT_CONVERSION = YES_AGGRESSIVE;
				CLANG_CXX_LANGUAGE_STANDARD = "gnu++14";
				CLANG_CXX_LIBRARY = "libc++";
				CLANG_ENABLE_MODULES = YES;
				CLANG_ENABLE_OBJC_ARC = YES;
				CLANG_WARN_BLOCK_CAPTURE_AUTORELEASING = YES;
				CLANG_WARN_BOOL_CONVERSION = YES;
				CLANG_WARN_COMMA = YES;
				CLANG_WARN_CONSTANT_CONVERSION = YES;
				CLANG_WARN_DIRECT_OBJC_ISA_USAGE = YES_ERROR;
				CLANG_WARN_DOCUMENTATION_COMMENTS = YES;
				CLANG_WARN_EMPTY_BODY = YES;
				CLANG_WARN_ENUM_CONVERSION = YES;
				CLANG_WARN_INFINITE_RECURSION = YES;
				CLANG_WARN_INT_CONVERSION = YES;
				CLANG_WARN_NON_LITERAL_NULL_CONVERSION = YES;
				CLANG_WARN_OBJC_LITERAL_CONVERSION = YES;
				CLANG_WARN_OBJC_ROOT_CLASS = YES_ERROR;
				CLANG_WARN_RANGE_LOOP_ANALYSIS = YES;
				CLANG_WARN_STRICT_PROTOTYPES = YES;
				CLANG_WARN_SUSPICIOUS_MOVE = YES;
				CLANG_WARN_UNGUARDED_AVAILABILITY = YES_AGGRESSIVE;
				CLANG_WARN_UNREACHABLE_CODE = YES;
				CLANG_WARN__DUPLICATE_METHOD_MATCH = YES;
				CODE_SIGN_IDENTITY = "iPhone Developer";
				COPY_PHASE_STRIP = NO;
				DEBUG_INFORMATION_FORMAT = "dwarf-with-dsym";
				ENABLE_NS_ASSERTIONS = NO;
				ENABLE_STRICT_OBJC_MSGSEND = YES;
				GCC_C_LANGUAGE_STANDARD = gnu11;
				GCC_NO_COMMON_BLOCKS = YES;
				GCC_WARN_64_TO_32_BIT_CONVERSION = YES;
				GCC_WARN_ABOUT_RETURN_TYPE = YES_ERROR;
				GCC_WARN_UNDECLARED_SELECTOR = YES;
				GCC_WARN_UNINITIALIZED_AUTOS = YES_AGGRESSIVE;
				GCC_WARN_UNUSED_FUNCTION = YES;
				GCC_WARN_UNUSED_VARIABLE = YES;
				IPHONEOS_DEPLOYMENT_TARGET = 11.0;
				MTL_ENABLE_DEBUG_INFO = NO;
				NEW_SETTING = "";
				SDKROOT = iphoneos;
				SWIFT_OPTIMIZATION_LEVEL = "-Owholemodule";
				VALIDATE_PRODUCT = YES;
			};
			name = Release;
		};
		3FA224A41FA9D1E9002354F5 /* Debug */ = {
			isa = XCBuildConfiguration;
			buildSettings = {
				ASSETCATALOG_COMPILER_APPICON_NAME = AppIcon;
				CODE_SIGN_STYLE = Automatic;
				DEVELOPMENT_TEAM = "";
				INFOPLIST_FILE = "$(SRCROOT)/PruebaDomicilios/Info.plist";
				LD_RUNPATH_SEARCH_PATHS = "$(inherited) @executable_path/Frameworks";
				PRODUCT_BUNDLE_IDENTIFIER = co.com.PruebaDomicilios;
				PRODUCT_NAME = "$(TARGET_NAME)";
				SWIFT_VERSION = 4.0;
				TARGETED_DEVICE_FAMILY = "1,2";
			};
			name = Debug;
		};
		3FA224A51FA9D1E9002354F5 /* Release */ = {
			isa = XCBuildConfiguration;
			buildSettings = {
				ASSETCATALOG_COMPILER_APPICON_NAME = AppIcon;
				CODE_SIGN_STYLE = Automatic;
				DEVELOPMENT_TEAM = "";
				INFOPLIST_FILE = "$(SRCROOT)/PruebaDomicilios/Info.plist";
				LD_RUNPATH_SEARCH_PATHS = "$(inherited) @executable_path/Frameworks";
				PRODUCT_BUNDLE_IDENTIFIER = co.com.PruebaDomicilios;
				PRODUCT_NAME = "$(TARGET_NAME)";
				SWIFT_VERSION = 4.0;
				TARGETED_DEVICE_FAMILY = "1,2";
			};
			name = Release;
		};
/* End XCBuildConfiguration section */

/* Begin XCConfigurationList section */
		3FA2248C1FA9D1E9002354F5 /* Build configuration list for PBXProject "PruebaDomicilios" */ = {
			isa = XCConfigurationList;
			buildConfigurations = (
				3FA224A11FA9D1E9002354F5 /* Debug */,
				3FA224A21FA9D1E9002354F5 /* Release */,
			);
			defaultConfigurationIsVisible = 0;
			defaultConfigurationName = Release;
		};
		3FA224A31FA9D1E9002354F5 /* Build configuration list for PBXNativeTarget "PruebaDomicilios" */ = {
			isa = XCConfigurationList;
			buildConfigurations = (
				3FA224A41FA9D1E9002354F5 /* Debug */,
				3FA224A51FA9D1E9002354F5 /* Release */,
			);
			defaultConfigurationIsVisible = 0;
			defaultConfigurationName = Release;
		};
/* End XCConfigurationList section */
	};
	rootObject = 3FA224891FA9D1E9002354F5 /* Project object */;
}
